
Microsoft Visual Studio Solution File, Format Version 12.00
# Visual Studio Version 17
VisualStudioVersion = 17.11.35222.181
MinimumVisualStudioVersion = 10.0.40219.1
Project("{9A19103F-16F7-4668-BE54-9A1E7A4F7556}") = "ApiLocadora", "ApiLocadora.csproj", "{0D6A4DA0-4094-4291-9CF0-9D7CB7B11235}"
EndProject
Global
	GlobalSection(SolutionConfigurationPlatforms) = preSolution
		Debug|Any CPU = Debug|Any CPU
		Release|Any CPU = Release|Any CPU
	EndGlobalSection
	GlobalSection(ProjectConfigurationPlatforms) = postSolution
		{0D6A4DA0-4094-4291-9CF0-9D7CB7B11235}.Debug|Any CPU.ActiveCfg = Debug|Any CPU
		{0D6A4DA0-4094-4291-9CF0-9D7CB7B11235}.Debug|Any CPU.Build.0 = Debug|Any CPU
		{0D6A4DA0-4094-4291-9CF0-9D7CB7B11235}.Release|Any CPU.ActiveCfg = Release|Any CPU
		{0D6A4DA0-4094-4291-9CF0-9D7CB7B11235}.Release|Any CPU.Build.0 = Release|Any CPU
	EndGlobalSection
	GlobalSection(SolutionProperties) = preSolution
		HideSolutionNode = FALSE
	EndGlobalSection
	GlobalSection(ExtensibilityGlobals) = postSolution
		SolutionGuid = {EFD22C93-1D91-4716-8E35-1894AF4DA36D}
	EndGlobalSection
EndGlobal
